
Microsoft Visual Studio Solution File, Format Version 12.00
# Visual Studio Version 17
VisualStudioVersion = 17.14.37012.4 d17.14
MinimumVisualStudioVersion = 10.0.40219.1
Project("{8BC9CEB8-8B4A-11D0-8D11-00A0C91BC942}") = "L20260325_String", "L20260325_String.vcxproj", "{617D75D8-3075-4C92-81FC-07CF97D99362}"
EndProject
Global
	GlobalSection(SolutionConfigurationPlatforms) = preSolution
		Debug|x64 = Debug|x64
		Debug|x86 = Debug|x86
		Release|x64 = Release|x64
		Release|x86 = Release|x86
	EndGlobalSection
	GlobalSection(ProjectConfigurationPlatforms) = postSolution
		{617D75D8-3075-4C92-81FC-07CF97D99362}.Debug|x64.ActiveCfg = Debug|x64
		{617D75D8-3075-4C92-81FC-07CF97D99362}.Debug|x64.Build.0 = Debug|x64
		{617D75D8-3075-4C92-81FC-07CF97D99362}.Debug|x86.ActiveCfg = Debug|Win32
		{617D75D8-3075-4C92-81FC-07CF97D99362}.Debug|x86.Build.0 = Debug|Win32
		{617D75D8-3075-4C92-81FC-07CF97D99362}.Release|x64.ActiveCfg = Release|x64
		{617D75D8-3075-4C92-81FC-07CF97D99362}.Release|x64.Build.0 = Release|x64
		{617D75D8-3075-4C92-81FC-07CF97D99362}.Release|x86.ActiveCfg = Release|Win32
		{617D75D8-3075-4C92-81FC-07CF97D99362}.Release|x86.Build.0 = Release|Win32
	EndGlobalSection
	GlobalSection(SolutionProperties) = preSolution
		HideSolutionNode = FALSE
	EndGlobalSection
	GlobalSection(ExtensibilityGlobals) = postSolution
		SolutionGuid = {8B882B67-D1FA-42A0-813F-B4E69502521A}
	EndGlobalSection
EndGlobal
